{
  "name": "@zoey-cli-dev/core",
  "version": "1.0.3",
  "lockfileVersion": 1,
  "requires": true,
  "dependencies": {
    "@zoey-cli-dev/log": {
      "version": "file:../../utils/log",
      "requires": {
        "npmlog": "^4.1.2"
      },
      "dependencies": {
        "ansi-regex": {
          "version": "2.1.1",
          "resolved": "https://r.cnpmjs.org/ansi-regex/download/ansi-regex-2.1.1.tgz",
          "integrity": "sha1-w7M6te42DYbg5ijwRorn7yfWVN8="
        },
        "aproba": {
          "version": "1.2.0",
          "resolved": "https://r.cnpmjs.org/aproba/download/aproba-1.2.0.tgz",
          "integrity": "sha1-aALmJk79GMeQobDVF/DyYnvyyUo="
        },
        "are-we-there-yet": {
          "version": "1.1.5",
          "resolved": "https://r.cnpmjs.org/are-we-there-yet/download/are-we-there-yet-1.1.5.tgz",
          "integrity": "sha1-SzXClE8GKov82mZBB2A1D+nd/CE=",
          "requires": {
            "delegates": "^1.0.0",
            "readable-stream": "^2.0.6"
          }
        },
        "code-point-at": {
          "version": "1.1.0",
          "resolved": "https://r.cnpmjs.org/code-point-at/download/code-point-at-1.1.0.tgz",
          "integrity": "sha1-DQcLTQQ6W+ozovGkDi7bPZpMz3c="
        },
        "console-control-strings": {
          "version": "1.1.0",
          "resolved": "https://r.cnpmjs.org/console-control-strings/download/console-control-strings-1.1.0.tgz",
          "integrity": "sha1-PXz0Rk22RG6mRL9LOVB/mFEAjo4="
        },
        "core-util-is": {
          "version": "1.0.2",
          "resolved": "https://r.cnpmjs.org/core-util-is/download/core-util-is-1.0.2.tgz",
          "integrity": "sha1-tf1UIgqivFq1eqtxQMlAdUUDwac="
        },
        "delegates": {
          "version": "1.0.0",
          "resolved": "https://r.cnpmjs.org/delegates/download/delegates-1.0.0.tgz",
          "integrity": "sha1-hMbhWbgZBP3KWaDvRM2HDTElD5o="
        },
        "gauge": {
          "version": "2.7.4",
          "resolved": "https://r.cnpmjs.org/gauge/download/gauge-2.7.4.tgz",
          "integrity": "sha1-LANAXHU4w51+s3sxcCLjJfsBi/c=",
          "requires": {
            "aproba": "^1.0.3",
            "console-control-strings": "^1.0.0",
            "has-unicode": "^2.0.0",
            "object-assign": "^4.1.0",
            "signal-exit": "^3.0.0",
            "string-width": "^1.0.1",
            "strip-ansi": "^3.0.1",
            "wide-align": "^1.1.0"
          }
        },
        "has-unicode": {
          "version": "2.0.1",
          "resolved": "https://r.cnpmjs.org/has-unicode/download/has-unicode-2.0.1.tgz",
          "integrity": "sha1-4Ob+aijPUROIVeCG0Wkedx3iqLk="
        },
        "inherits": {
          "version": "2.0.4",
          "resolved": "https://r.cnpmjs.org/inherits/download/inherits-2.0.4.tgz",
          "integrity": "sha1-D6LGT5MpF8NDOg3tVTY6rjdBa3w="
        },
        "is-fullwidth-code-point": {
          "version": "1.0.0",
          "resolved": "https://r.cnpmjs.org/is-fullwidth-code-point/download/is-fullwidth-code-point-1.0.0.tgz",
          "integrity": "sha1-754xOG8DGn8NZDr4L95QxFfvAMs=",
          "requires": {
            "number-is-nan": "^1.0.0"
          }
        },
        "isarray": {
          "version": "1.0.0",
          "resolved": "https://r.cnpmjs.org/isarray/download/isarray-1.0.0.tgz",
          "integrity": "sha1-u5NdSFgsuhaMBoNJV6VKPgcSTxE="
        },
        "npmlog": {
          "version": "4.1.2",
          "resolved": "https://r.cnpmjs.org/npmlog/download/npmlog-4.1.2.tgz",
          "integrity": "sha1-CKfyqL9zRgR3mp76StXMcXq7lUs=",
          "requires": {
            "are-we-there-yet": "~1.1.2",
            "console-control-strings": "~1.1.0",
            "gauge": "~2.7.3",
            "set-blocking": "~2.0.0"
          }
        },
        "number-is-nan": {
          "version": "1.0.1",
          "resolved": "https://r.cnpmjs.org/number-is-nan/download/number-is-nan-1.0.1.tgz",
          "integrity": "sha1-CXtgK1NCKlIsGvuHkDGDNpQaAR0="
        },
        "object-assign": {
          "version": "4.1.1",
          "resolved": "https://r.cnpmjs.org/object-assign/download/object-assign-4.1.1.tgz",
          "integrity": "sha1-IQmtx5ZYh8/AXLvUQsrIv7s2CGM="
        },
        "process-nextick-args": {
          "version": "2.0.1",
          "resolved": "https://r.cnpmjs.org/process-nextick-args/download/process-nextick-args-2.0.1.tgz",
          "integrity": "sha1-eCDZsWEgzFXKmud5JoCufbptf+I="
        },
        "readable-stream": {
          "version": "2.3.7",
          "resolved": "https://r.cnpmjs.org/readable-stream/download/readable-stream-2.3.7.tgz",
          "integrity": "sha1-Hsoc9xGu+BTAT2IlKjamL2yyO1c=",
          "requires": {
            "core-util-is": "~1.0.0",
            "inherits": "~2.0.3",
            "isarray": "~1.0.0",
            "process-nextick-args": "~2.0.0",
            "safe-buffer": "~5.1.1",
            "string_decoder": "~1.1.1",
            "util-deprecate": "~1.0.1"
          }
        },
        "safe-buffer": {
          "version": "5.1.2",
          "resolved": "https://r.cnpmjs.org/safe-buffer/download/safe-buffer-5.1.2.tgz",
          "integrity": "sha1-mR7GnSluAxN0fVm9/St0XDX4go0="
        },
        "set-blocking": {
          "version": "2.0.0",
          "resolved": "https://r.cnpmjs.org/set-blocking/download/set-blocking-2.0.0.tgz",
          "integrity": "sha1-BF+XgtARrppoA93TgrJDkrPYkPc="
        },
        "signal-exit": {
          "version": "3.0.3",
          "resolved": "https://r.cnpmjs.org/signal-exit/download/signal-exit-3.0.3.tgz",
          "integrity": "sha1-oUEMLt2PB3sItOJTyOrPyvBXRhw="
        },
        "string-width": {
          "version": "1.0.2",
          "resolved": "https://r.cnpmjs.org/string-width/download/string-width-1.0.2.tgz",
          "integrity": "sha1-EYvfW4zcUaKn5w0hHgfisLmxB9M=",
          "requires": {
            "code-point-at": "^1.0.0",
            "is-fullwidth-code-point": "^1.0.0",
            "strip-ansi": "^3.0.0"
          }
        },
        "string_decoder": {
          "version": "1.1.1",
          "resolved": "https://r.cnpmjs.org/string_decoder/download/string_decoder-1.1.1.tgz",
          "integrity": "sha1-nPFhG6YmhdcDCunkujQUnDrwP8g=",
          "requires": {
            "safe-buffer": "~5.1.0"
          }
        },
        "strip-ansi": {
          "version": "3.0.1",
          "resolved": "https://r.cnpmjs.org/strip-ansi/download/strip-ansi-3.0.1.tgz",
          "integrity": "sha1-ajhfuIU9lS1f8F0Oiq+UJ43GPc8=",
          "requires": {
            "ansi-regex": "^2.0.0"
          }
        },
        "util-deprecate": {
          "version": "1.0.2",
          "resolved": "https://r.cnpmjs.org/util-deprecate/download/util-deprecate-1.0.2.tgz",
          "integrity": "sha1-RQ1Nyfpw3nMnYvvS1KKJgUGaDM8="
        },
        "wide-align": {
          "version": "1.1.3",
          "resolved": "https://r.cnpmjs.org/wide-align/download/wide-align-1.1.3.tgz",
          "integrity": "sha1-rgdOa9wMFKQx6ATmJFScYzsABFc=",
          "requires": {
            "string-width": "^1.0.2 || 2"
          }
        }
      }
    },
    "@zoey-cli-dev/utils": {
      "version": "file:../../utils/utils"
    },
    "ansi-regex": {
      "version": "2.1.1",
      "resolved": "https://r.cnpmjs.org/ansi-regex/download/ansi-regex-2.1.1.tgz",
      "integrity": "sha1-w7M6te42DYbg5ijwRorn7yfWVN8="
    },
    "ansi-styles": {
      "version": "2.2.1",
      "resolved": "https://r.cnpmjs.org/ansi-styles/download/ansi-styles-2.2.1.tgz",
      "integrity": "sha1-tDLdM1i2NM914eRmQ2gkBTPB3b4="
    },
    "chalk": {
      "version": "1.1.3",
      "resolved": "https://r.cnpmjs.org/chalk/download/chalk-1.1.3.tgz",
      "integrity": "sha1-qBFcVeSnAv5NFQq9OHKCKn4J/Jg=",
      "requires": {
        "ansi-styles": "^2.2.1",
        "escape-string-regexp": "^1.0.2",
        "has-ansi": "^2.0.0",
        "strip-ansi": "^3.0.0",
        "supports-color": "^2.0.0"
      }
    },
    "colors": {
      "version": "1.4.0",
      "resolved": "https://r.cnpmjs.org/colors/download/colors-1.4.0.tgz",
      "integrity": "sha1-xQSRR51MG9rtLJztMs98fcI2D3g="
    },
    "default-uid": {
      "version": "1.0.0",
      "resolved": "https://r.cnpmjs.org/default-uid/download/default-uid-1.0.0.tgz",
      "integrity": "sha1-/O+p359axAyJFtkS3R/hFGqjxZ4="
    },
    "dotenv": {
      "version": "10.0.0",
      "resolved": "https://r.cnpmjs.org/dotenv/download/dotenv-10.0.0.tgz",
      "integrity": "sha1-PUInuPuV+BCWzdK2ZlP7LHCFuoE="
    },
    "downgrade-root": {
      "version": "1.2.2",
      "resolved": "https://r.cnpmjs.org/downgrade-root/download/downgrade-root-1.2.2.tgz",
      "integrity": "sha1-UxMZcVsOgf/MIusoR4uidkPhLGw=",
      "requires": {
        "default-uid": "^1.0.0",
        "is-root": "^1.0.0"
      }
    },
    "escape-string-regexp": {
      "version": "1.0.5",
      "resolved": "https://r.cnpmjs.org/escape-string-regexp/download/escape-string-regexp-1.0.5.tgz",
      "integrity": "sha1-G2HAViGQqN/2rjuyzwIAyhMLhtQ="
    },
    "find-up": {
      "version": "4.1.0",
      "resolved": "https://r.cnpmjs.org/find-up/download/find-up-4.1.0.tgz",
      "integrity": "sha1-l6/n1s3AvFkoWEt8jXsW6KmqXRk=",
      "requires": {
        "locate-path": "^5.0.0",
        "path-exists": "^4.0.0"
      }
    },
    "has-ansi": {
      "version": "2.0.0",
      "resolved": "https://r.cnpmjs.org/has-ansi/download/has-ansi-2.0.0.tgz",
      "integrity": "sha1-NPUEnOHs3ysGSa8+8k5F7TVBbZE=",
      "requires": {
        "ansi-regex": "^2.0.0"
      }
    },
    "import-local": {
      "version": "3.0.2",
      "resolved": "https://r.cnpmjs.org/import-local/download/import-local-3.0.2.tgz",
      "integrity": "sha1-qM/QQx0d5KIZlwPQA+PmI2T6bbY=",
      "requires": {
        "pkg-dir": "^4.2.0",
        "resolve-cwd": "^3.0.0"
      }
    },
    "is-docker": {
      "version": "1.1.0",
      "resolved": "https://r.cnpmjs.org/is-docker/download/is-docker-1.1.0.tgz",
      "integrity": "sha1-8EN01O7lMQ6ajhE78UlUEeRhdqE="
    },
    "is-root": {
      "version": "1.0.0",
      "resolved": "https://r.cnpmjs.org/is-root/download/is-root-1.0.0.tgz",
      "integrity": "sha1-B7bCM7w5TNnQK6FclmvWZg1jQtU="
    },
    "locate-path": {
      "version": "5.0.0",
      "resolved": "https://r.cnpmjs.org/locate-path/download/locate-path-5.0.0.tgz",
      "integrity": "sha1-Gvujlq/WdqbUJQTQpno6frn2KqA=",
      "requires": {
        "p-locate": "^4.1.0"
      }
    },
    "lru-cache": {
      "version": "6.0.0",
      "resolved": "https://r.cnpmjs.org/lru-cache/download/lru-cache-6.0.0.tgz",
      "integrity": "sha1-bW/mVw69lqr5D8rR2vo7JWbbOpQ=",
      "requires": {
        "yallist": "^4.0.0"
      }
    },
    "minimist": {
      "version": "1.2.5",
      "resolved": "https://r.cnpmjs.org/minimist/download/minimist-1.2.5.tgz",
      "integrity": "sha1-Z9ZgFLZqaoqqDAg8X9WN9OTpdgI="
    },
    "os-homedir": {
      "version": "1.0.2",
      "resolved": "https://r.cnpmjs.org/os-homedir/download/os-homedir-1.0.2.tgz",
      "integrity": "sha1-/7xJiDNuDoM94MFox+8VISGqf7M="
    },
    "p-limit": {
      "version": "2.3.0",
      "resolved": "https://r.cnpmjs.org/p-limit/download/p-limit-2.3.0.tgz",
      "integrity": "sha1-PdM8ZHohT9//2DWTPrCG2g3CHbE=",
      "requires": {
        "p-try": "^2.0.0"
      }
    },
    "p-locate": {
      "version": "4.1.0",
      "resolved": "https://r.cnpmjs.org/p-locate/download/p-locate-4.1.0.tgz",
      "integrity": "sha1-o0KLtwiLOmApL2aRkni3wpetTwc=",
      "requires": {
        "p-limit": "^2.2.0"
      }
    },
    "p-try": {
      "version": "2.2.0",
      "resolved": "https://r.cnpmjs.org/p-try/download/p-try-2.2.0.tgz",
      "integrity": "sha1-yyhoVA4xPWHeWPr741zpAE1VQOY="
    },
    "path-exists": {
      "version": "4.0.0",
      "resolved": "https://r.cnpmjs.org/path-exists/download/path-exists-4.0.0.tgz",
      "integrity": "sha1-UTvb4tO5XXdi6METfvoZXGxhtbM="
    },
    "pkg-dir": {
      "version": "4.2.0",
      "resolved": "https://r.cnpmjs.org/pkg-dir/download/pkg-dir-4.2.0.tgz",
      "integrity": "sha1-8JkTPfft5CLoHR2ESCcO6z5CYfM=",
      "requires": {
        "find-up": "^4.0.0"
      }
    },
    "resolve-cwd": {
      "version": "3.0.0",
      "resolved": "https://r.cnpmjs.org/resolve-cwd/download/resolve-cwd-3.0.0.tgz",
      "integrity": "sha1-DwB18bslRHZs9zumpuKt/ryxPy0=",
      "requires": {
        "resolve-from": "^5.0.0"
      }
    },
    "resolve-from": {
      "version": "5.0.0",
      "resolved": "https://r.cnpmjs.org/resolve-from/download/resolve-from-5.0.0.tgz",
      "integrity": "sha1-w1IlhD3493bfIcV1V7wIfp39/Gk="
    },
    "root-check": {
      "version": "1.0.0",
      "resolved": "https://r.cnpmjs.org/root-check/download/root-check-1.0.0.tgz",
      "integrity": "sha1-xSp5S/Dbn61WdTbkGJjwyeCoZpc=",
      "requires": {
        "downgrade-root": "^1.0.0",
        "sudo-block": "^1.1.0"
      }
    },
    "semver": {
      "version": "7.3.5",
      "resolved": "https://r.cnpmjs.org/semver/download/semver-7.3.5.tgz",
      "integrity": "sha1-C2Ich5NI2JmOSw5L6Us/EuYBjvc=",
      "requires": {
        "lru-cache": "^6.0.0"
      }
    },
    "strip-ansi": {
      "version": "3.0.1",
      "resolved": "https://r.cnpmjs.org/strip-ansi/download/strip-ansi-3.0.1.tgz",
      "integrity": "sha1-ajhfuIU9lS1f8F0Oiq+UJ43GPc8=",
      "requires": {
        "ansi-regex": "^2.0.0"
      }
    },
    "sudo-block": {
      "version": "1.2.0",
      "resolved": "https://r.cnpmjs.org/sudo-block/download/sudo-block-1.2.0.tgz",
      "integrity": "sha1-zFOb+BkWJNT1B9g+60W0zqJ/NGM=",
      "requires": {
        "chalk": "^1.0.0",
        "is-docker": "^1.0.0",
        "is-root": "^1.0.0"
      }
    },
    "supports-color": {
      "version": "2.0.0",
      "resolved": "https://r.cnpmjs.org/supports-color/download/supports-color-2.0.0.tgz",
      "integrity": "sha1-U10EXOa2Nj+kARcIRimZXp3zJMc="
    },
    "user-home": {
      "version": "3.0.0",
      "resolved": "https://r.cnpmjs.org/user-home/download/user-home-3.0.0.tgz",
      "integrity": "sha1-JdtXex5NUcQrHQp8n0wj7lE0fwU=",
      "requires": {
        "os-homedir": "^1.0.0"
      }
    },
    "yallist": {
      "version": "4.0.0",
      "resolved": "https://r.cnpmjs.org/yallist/download/yallist-4.0.0.tgz",
      "integrity": "sha1-m7knkNnA7/7GO+c1GeEaNQGaOnI="
    }
  }
}
