{
  "name": "@zoey-dev-cli/command",
  "version": "1.0.3",
  "lockfileVersion": 2,
  "requires": true,
  "packages": {
    "": {
      "name": "@zoey-dev-cli/command",
      "version": "1.0.3",
      "license": "ISC",
      "dependencies": {
        "@zoey-cli-dev/log": "file:../../utils/log",
        "@zoey-cli-dev/utils": "file:../../utils/utils",
        "colors": "^1.4.0",
        "semver": "^7.3.5"
      }
    },
    "../../utils/log": {
      "name": "@zoey-cli-dev/log",
      "version": "1.0.3",
      "license": "ISC",
      "dependencies": {
        "npmlog": "^4.1.2"
      }
    },
    "../../utils/util": {
      "extraneous": true
    },
    "../../utils/utils": {
      "name": "@zoey-cli-dev/utils",
      "version": "1.0.3",
      "license": "ISC"
    },
    "node_modules/@zoey-cli-dev/log": {
      "resolved": "../../utils/log",
      "link": true
    },
    "node_modules/@zoey-cli-dev/utils": {
      "resolved": "../../utils/utils",
      "link": true
    },
    "node_modules/colors": {
      "version": "1.4.0",
      "resolved": "https://registry.npm.taobao.org/colors/download/colors-1.4.0.tgz?cache=0&sync_timestamp=1599054118809&other_urls=https%3A%2F%2Fregistry.npm.taobao.org%2Fcolors%2Fdownload%2Fcolors-1.4.0.tgz",
      "integrity": "sha1-xQSRR51MG9rtLJztMs98fcI2D3g=",
      "engines": {
        "node": ">=0.1.90"
      }
    },
    "node_modules/lru-cache": {
      "version": "6.0.0",
      "resolved": "https://registry.npm.taobao.org/lru-cache/download/lru-cache-6.0.0.tgz?cache=0&sync_timestamp=1599054167787&other_urls=https%3A%2F%2Fregistry.npm.taobao.org%2Flru-cache%2Fdownload%2Flru-cache-6.0.0.tgz",
      "integrity": "sha1-bW/mVw69lqr5D8rR2vo7JWbbOpQ=",
      "dependencies": {
        "yallist": "^4.0.0"
      },
      "engines": {
        "node": ">=10"
      }
    },
    "node_modules/semver": {
      "version": "7.3.5",
      "resolved": "https://registry.npm.taobao.org/semver/download/semver-7.3.5.tgz",
      "integrity": "sha1-C2Ich5NI2JmOSw5L6Us/EuYBjvc=",
      "dependencies": {
        "lru-cache": "^6.0.0"
      },
      "bin": {
        "semver": "bin/semver.js"
      },
      "engines": {
        "node": ">=10"
      }
    },
    "node_modules/yallist": {
      "version": "4.0.0",
      "resolved": "https://registry.npm.taobao.org/yallist/download/yallist-4.0.0.tgz",
      "integrity": "sha1-m7knkNnA7/7GO+c1GeEaNQGaOnI="
    }
  },
  "dependencies": {
    "@zoey-cli-dev/log": {
      "version": "file:../../utils/log",
      "requires": {
        "npmlog": "^4.1.2"
      }
    },
    "@zoey-cli-dev/utils": {
      "version": "file:../../utils/utils"
    },
    "colors": {
      "version": "1.4.0",
      "resolved": "https://registry.npm.taobao.org/colors/download/colors-1.4.0.tgz?cache=0&sync_timestamp=1599054118809&other_urls=https%3A%2F%2Fregistry.npm.taobao.org%2Fcolors%2Fdownload%2Fcolors-1.4.0.tgz",
      "integrity": "sha1-xQSRR51MG9rtLJztMs98fcI2D3g="
    },
    "lru-cache": {
      "version": "6.0.0",
      "resolved": "https://registry.npm.taobao.org/lru-cache/download/lru-cache-6.0.0.tgz?cache=0&sync_timestamp=1599054167787&other_urls=https%3A%2F%2Fregistry.npm.taobao.org%2Flru-cache%2Fdownload%2Flru-cache-6.0.0.tgz",
      "integrity": "sha1-bW/mVw69lqr5D8rR2vo7JWbbOpQ=",
      "requires": {
        "yallist": "^4.0.0"
      }
    },
    "semver": {
      "version": "7.3.5",
      "resolved": "https://registry.npm.taobao.org/semver/download/semver-7.3.5.tgz",
      "integrity": "sha1-C2Ich5NI2JmOSw5L6Us/EuYBjvc=",
      "requires": {
        "lru-cache": "^6.0.0"
      }
    },
    "yallist": {
      "version": "4.0.0",
      "resolved": "https://registry.npm.taobao.org/yallist/download/yallist-4.0.0.tgz",
      "integrity": "sha1-m7knkNnA7/7GO+c1GeEaNQGaOnI="
    }
  }
}
